
Microsoft Visual Studio Solution File, Format Version 12.00
# Visual Studio Version 16
VisualStudioVersion = 16.0.30503.244
MinimumVisualStudioVersion = 10.0.40219.1
Project("{FAE04EC0-301F-11D3-BF4B-00C04F79EFBC}") = "Proyecto Visual Studio con Git y GitHub", "Proyecto Visual Studio con Git y GitHub\Proyecto Visual Studio con Git y GitHub.csproj", "{8C0FFF14-48B2-4A1E-801A-D1802243F08A}"
EndProject
Global
	GlobalSection(SolutionConfigurationPlatforms) = preSolution
		Debug|Any CPU = Debug|Any CPU
		Release|Any CPU = Release|Any CPU
	EndGlobalSection
	GlobalSection(ProjectConfigurationPlatforms) = postSolution
		{8C0FFF14-48B2-4A1E-801A-D1802243F08A}.Debug|Any CPU.ActiveCfg = Debug|Any CPU
		{8C0FFF14-48B2-4A1E-801A-D1802243F08A}.Debug|Any CPU.Build.0 = Debug|Any CPU
		{8C0FFF14-48B2-4A1E-801A-D1802243F08A}.Release|Any CPU.ActiveCfg = Release|Any CPU
		{8C0FFF14-48B2-4A1E-801A-D1802243F08A}.Release|Any CPU.Build.0 = Release|Any CPU
	EndGlobalSection
	GlobalSection(SolutionProperties) = preSolution
		HideSolutionNode = FALSE
	EndGlobalSection
	GlobalSection(ExtensibilityGlobals) = postSolution
		SolutionGuid = {79A74C12-A63D-4C2D-B012-9ACAB8FDC9C0}
	EndGlobalSection
EndGlobal
